
Microsoft Visual Studio Solution File, Format Version 12.00
# Visual Studio 15
VisualStudioVersion = 15.0.28010.2046
MinimumVisualStudioVersion = 10.0.40219.1
Project("{FAE04EC0-301F-11D3-BF4B-00C04F79EFBC}") = "AnylineXamarinApp.Droid", "AnylineXamarinApp.Droid\AnylineXamarinApp.Droid.csproj", "{922FED8D-BDDD-47BC-BC88-705FF802115D}"
EndProject
Project("{2150E333-8FDC-42A3-9474-1A3956D46DE8}") = "Example Apps", "Example Apps", "{30119889-A33A-4489-BFBE-9D767B1C43EA}"
EndProject
Project("{FAE04EC0-301F-11D3-BF4B-00C04F79EFBC}") = "AnylineXamarinApp.iOS", "AnylineXamarinApp.iOS\AnylineXamarinApp.iOS.csproj", "{1B7E7069-1386-4B26-93A7-7FE7F661B81F}"
EndProject
Project("{2150E333-8FDC-42A3-9474-1A3956D46DE8}") = "Xamarin.Forms Example Apps", "Xamarin.Forms Example Apps", "{BA604D36-E0A9-4949-85E7-7C5066A30C85}"
EndProject
Project("{FAE04EC0-301F-11D3-BF4B-00C04F79EFBC}") = "AnylineXamarinForms", "AnylineXamarinForms\AnylineXamarinForms\AnylineXamarinForms.csproj", "{D8F5821F-4BB3-4E5A-A2A5-785196946B36}"
EndProject
Project("{FAE04EC0-301F-11D3-BF4B-00C04F79EFBC}") = "AnylineXamarinForms.iOS", "AnylineXamarinForms\AnylineXamarinForms.iOS\AnylineXamarinForms.iOS.csproj", "{DCD299E5-925A-45EA-986E-D1A349047AFA}"
EndProject
Project("{FAE04EC0-301F-11D3-BF4B-00C04F79EFBC}") = "AnylineXamarinForms.Droid", "AnylineXamarinForms\AnylineXamarinForms.Droid\AnylineXamarinForms.Droid.csproj", "{5A01C6BD-9B84-40CB-9B66-CDBDD3BF1618}"
EndProject
Project("{2150E333-8FDC-42A3-9474-1A3956D46DE8}") = "Platforms", "Platforms", "{03F48895-32BA-47FA-86DC-A10DC779C0FE}"
EndProject
Global
	GlobalSection(SolutionConfigurationPlatforms) = preSolution
		Ad-Hoc|Any CPU = Ad-Hoc|Any CPU
		Ad-Hoc|ARM = Ad-Hoc|ARM
		Ad-Hoc|iPhone = Ad-Hoc|iPhone
		Ad-Hoc|iPhoneSimulator = Ad-Hoc|iPhoneSimulator
		Ad-Hoc|Mixed Platforms = Ad-Hoc|Mixed Platforms
		Ad-Hoc|x86 = Ad-Hoc|x86
		AppStore|Any CPU = AppStore|Any CPU
		AppStore|ARM = AppStore|ARM
		AppStore|iPhone = AppStore|iPhone
		AppStore|iPhoneSimulator = AppStore|iPhoneSimulator
		AppStore|Mixed Platforms = AppStore|Mixed Platforms
		AppStore|x86 = AppStore|x86
		Debug|Any CPU = Debug|Any CPU
		Debug|ARM = Debug|ARM
		Debug|iPhone = Debug|iPhone
		Debug|iPhoneSimulator = Debug|iPhoneSimulator
		Debug|Mixed Platforms = Debug|Mixed Platforms
		Debug|x86 = Debug|x86
		Release|Any CPU = Release|Any CPU
		Release|ARM = Release|ARM
		Release|iPhone = Release|iPhone
		Release|iPhoneSimulator = Release|iPhoneSimulator
		Release|Mixed Platforms = Release|Mixed Platforms
		Release|x86 = Release|x86
	EndGlobalSection
	GlobalSection(ProjectConfigurationPlatforms) = postSolution
		{922FED8D-BDDD-47BC-BC88-705FF802115D}.Ad-Hoc|Any CPU.ActiveCfg = Release|Any CPU
		{922FED8D-BDDD-47BC-BC88-705FF802115D}.Ad-Hoc|Any CPU.Build.0 = Release|Any CPU
		{922FED8D-BDDD-47BC-BC88-705FF802115D}.Ad-Hoc|Any CPU.Deploy.0 = Release|Any CPU
		{922FED8D-BDDD-47BC-BC88-705FF802115D}.Ad-Hoc|ARM.ActiveCfg = Release|Any CPU
		{922FED8D-BDDD-47BC-BC88-705FF802115D}.Ad-Hoc|iPhone.ActiveCfg = Release|Any CPU
		{922FED8D-BDDD-47BC-BC88-705FF802115D}.Ad-Hoc|iPhoneSimulator.ActiveCfg = Release|Any CPU
		{922FED8D-BDDD-47BC-BC88-705FF802115D}.Ad-Hoc|Mixed Platforms.ActiveCfg = Release|Any CPU
		{922FED8D-BDDD-47BC-BC88-705FF802115D}.Ad-Hoc|Mixed Platforms.Build.0 = Release|Any CPU
		{922FED8D-BDDD-47BC-BC88-705FF802115D}.Ad-Hoc|Mixed Platforms.Deploy.0 = Release|Any CPU
		{922FED8D-BDDD-47BC-BC88-705FF802115D}.Ad-Hoc|x86.ActiveCfg = Release|Any CPU
		{922FED8D-BDDD-47BC-BC88-705FF802115D}.AppStore|Any CPU.ActiveCfg = Release|Any CPU
		{922FED8D-BDDD-47BC-BC88-705FF802115D}.AppStore|Any CPU.Build.0 = Release|Any CPU
		{922FED8D-BDDD-47BC-BC88-705FF802115D}.AppStore|Any CPU.Deploy.0 = Release|Any CPU
		{922FED8D-BDDD-47BC-BC88-705FF802115D}.AppStore|ARM.ActiveCfg = Release|Any CPU
		{922FED8D-BDDD-47BC-BC88-705FF802115D}.AppStore|iPhone.ActiveCfg = Release|Any CPU
		{922FED8D-BDDD-47BC-BC88-705FF802115D}.AppStore|iPhoneSimulator.ActiveCfg = Release|Any CPU
		{922FED8D-BDDD-47BC-BC88-705FF802115D}.AppStore|Mixed Platforms.ActiveCfg = Release|Any CPU
		{922FED8D-BDDD-47BC-BC88-705FF802115D}.AppStore|Mixed Platforms.Build.0 = Release|Any CPU
		{922FED8D-BDDD-47BC-BC88-705FF802115D}.AppStore|Mixed Platforms.Deploy.0 = Release|Any CPU
		{922FED8D-BDDD-47BC-BC88-705FF802115D}.AppStore|x86.ActiveCfg = Release|Any CPU
		{922FED8D-BDDD-47BC-BC88-705FF802115D}.Debug|Any CPU.ActiveCfg = Debug|Any CPU
		{922FED8D-BDDD-47BC-BC88-705FF802115D}.Debug|Any CPU.Build.0 = Debug|Any CPU
		{922FED8D-BDDD-47BC-BC88-705FF802115D}.Debug|Any CPU.Deploy.0 = Debug|Any CPU
		{922FED8D-BDDD-47BC-BC88-705FF802115D}.Debug|ARM.ActiveCfg = Debug|Any CPU
		{922FED8D-BDDD-47BC-BC88-705FF802115D}.Debug|iPhone.ActiveCfg = Debug|Any CPU
		{922FED8D-BDDD-47BC-BC88-705FF802115D}.Debug|iPhoneSimulator.ActiveCfg = Debug|Any CPU
		{922FED8D-BDDD-47BC-BC88-705FF802115D}.Debug|Mixed Platforms.ActiveCfg = Debug|Any CPU
		{922FED8D-BDDD-47BC-BC88-705FF802115D}.Debug|Mixed Platforms.Build.0 = Debug|Any CPU
		{922FED8D-BDDD-47BC-BC88-705FF802115D}.Debug|Mixed Platforms.Deploy.0 = Debug|Any CPU
		{922FED8D-BDDD-47BC-BC88-705FF802115D}.Debug|x86.ActiveCfg = Debug|Any CPU
		{922FED8D-BDDD-47BC-BC88-705FF802115D}.Release|Any CPU.ActiveCfg = Release|Any CPU
		{922FED8D-BDDD-47BC-BC88-705FF802115D}.Release|Any CPU.Build.0 = Release|Any CPU
		{922FED8D-BDDD-47BC-BC88-705FF802115D}.Release|Any CPU.Deploy.0 = Release|Any CPU
		{922FED8D-BDDD-47BC-BC88-705FF802115D}.Release|ARM.ActiveCfg = Release|Any CPU
		{922FED8D-BDDD-47BC-BC88-705FF802115D}.Release|iPhone.ActiveCfg = Release|Any CPU
		{922FED8D-BDDD-47BC-BC88-705FF802115D}.Release|iPhoneSimulator.ActiveCfg = Release|Any CPU
		{922FED8D-BDDD-47BC-BC88-705FF802115D}.Release|Mixed Platforms.ActiveCfg = Release|Any CPU
		{922FED8D-BDDD-47BC-BC88-705FF802115D}.Release|Mixed Platforms.Build.0 = Release|Any CPU
		{922FED8D-BDDD-47BC-BC88-705FF802115D}.Release|Mixed Platforms.Deploy.0 = Release|Any CPU
		{922FED8D-BDDD-47BC-BC88-705FF802115D}.Release|x86.ActiveCfg = Release|Any CPU
		{1B7E7069-1386-4B26-93A7-7FE7F661B81F}.Ad-Hoc|Any CPU.ActiveCfg = Release|iPhoneSimulator
		{1B7E7069-1386-4B26-93A7-7FE7F661B81F}.Ad-Hoc|ARM.ActiveCfg = Release|iPhoneSimulator
		{1B7E7069-1386-4B26-93A7-7FE7F661B81F}.Ad-Hoc|iPhone.ActiveCfg = Release|iPhone
		{1B7E7069-1386-4B26-93A7-7FE7F661B81F}.Ad-Hoc|iPhone.Build.0 = Release|iPhone
		{1B7E7069-1386-4B26-93A7-7FE7F661B81F}.Ad-Hoc|iPhoneSimulator.ActiveCfg = Release|iPhoneSimulator
		{1B7E7069-1386-4B26-93A7-7FE7F661B81F}.Ad-Hoc|iPhoneSimulator.Build.0 = Release|iPhoneSimulator
		{1B7E7069-1386-4B26-93A7-7FE7F661B81F}.Ad-Hoc|Mixed Platforms.ActiveCfg = Release|iPhoneSimulator
		{1B7E7069-1386-4B26-93A7-7FE7F661B81F}.Ad-Hoc|Mixed Platforms.Build.0 = Release|iPhoneSimulator
		{1B7E7069-1386-4B26-93A7-7FE7F661B81F}.Ad-Hoc|x86.ActiveCfg = Release|iPhoneSimulator
		{1B7E7069-1386-4B26-93A7-7FE7F661B81F}.AppStore|Any CPU.ActiveCfg = Release|iPhoneSimulator
		{1B7E7069-1386-4B26-93A7-7FE7F661B81F}.AppStore|ARM.ActiveCfg = Release|iPhoneSimulator
		{1B7E7069-1386-4B26-93A7-7FE7F661B81F}.AppStore|iPhone.ActiveCfg = Release|iPhone
		{1B7E7069-1386-4B26-93A7-7FE7F661B81F}.AppStore|iPhone.Build.0 = Release|iPhone
		{1B7E7069-1386-4B26-93A7-7FE7F661B81F}.AppStore|iPhoneSimulator.ActiveCfg = Release|iPhoneSimulator
		{1B7E7069-1386-4B26-93A7-7FE7F661B81F}.AppStore|iPhoneSimulator.Build.0 = Release|iPhoneSimulator
		{1B7E7069-1386-4B26-93A7-7FE7F661B81F}.AppStore|Mixed Platforms.ActiveCfg = Release|iPhoneSimulator
		{1B7E7069-1386-4B26-93A7-7FE7F661B81F}.AppStore|Mixed Platforms.Build.0 = Release|iPhoneSimulator
		{1B7E7069-1386-4B26-93A7-7FE7F661B81F}.AppStore|x86.ActiveCfg = Release|iPhoneSimulator
		{1B7E7069-1386-4B26-93A7-7FE7F661B81F}.Debug|Any CPU.ActiveCfg = Debug|iPhone
		{1B7E7069-1386-4B26-93A7-7FE7F661B81F}.Debug|ARM.ActiveCfg = Debug|iPhone
		{1B7E7069-1386-4B26-93A7-7FE7F661B81F}.Debug|iPhone.ActiveCfg = Debug|iPhone
		{1B7E7069-1386-4B26-93A7-7FE7F661B81F}.Debug|iPhone.Build.0 = Debug|iPhone
		{1B7E7069-1386-4B26-93A7-7FE7F661B81F}.Debug|iPhone.Deploy.0 = Debug|iPhone
		{1B7E7069-1386-4B26-93A7-7FE7F661B81F}.Debug|iPhoneSimulator.ActiveCfg = Debug|iPhoneSimulator
		{1B7E7069-1386-4B26-93A7-7FE7F661B81F}.Debug|iPhoneSimulator.Build.0 = Debug|iPhoneSimulator
		{1B7E7069-1386-4B26-93A7-7FE7F661B81F}.Debug|Mixed Platforms.ActiveCfg = Debug|iPhone
		{1B7E7069-1386-4B26-93A7-7FE7F661B81F}.Debug|Mixed Platforms.Build.0 = Debug|iPhone
		{1B7E7069-1386-4B26-93A7-7FE7F661B81F}.Debug|x86.ActiveCfg = Debug|iPhone
		{1B7E7069-1386-4B26-93A7-7FE7F661B81F}.Release|Any CPU.ActiveCfg = Release|iPhone
		{1B7E7069-1386-4B26-93A7-7FE7F661B81F}.Release|ARM.ActiveCfg = Release|iPhone
		{1B7E7069-1386-4B26-93A7-7FE7F661B81F}.Release|iPhone.ActiveCfg = Release|iPhone
		{1B7E7069-1386-4B26-93A7-7FE7F661B81F}.Release|iPhone.Build.0 = Release|iPhone
		{1B7E7069-1386-4B26-93A7-7FE7F661B81F}.Release|iPhoneSimulator.ActiveCfg = Release|iPhoneSimulator
		{1B7E7069-1386-4B26-93A7-7FE7F661B81F}.Release|iPhoneSimulator.Build.0 = Release|iPhoneSimulator
		{1B7E7069-1386-4B26-93A7-7FE7F661B81F}.Release|Mixed Platforms.ActiveCfg = Release|iPhone
		{1B7E7069-1386-4B26-93A7-7FE7F661B81F}.Release|Mixed Platforms.Build.0 = Release|iPhone
		{1B7E7069-1386-4B26-93A7-7FE7F661B81F}.Release|x86.ActiveCfg = Release|iPhone
		{D8F5821F-4BB3-4E5A-A2A5-785196946B36}.Ad-Hoc|Any CPU.ActiveCfg = Release|Any CPU
		{D8F5821F-4BB3-4E5A-A2A5-785196946B36}.Ad-Hoc|Any CPU.Build.0 = Release|Any CPU
		{D8F5821F-4BB3-4E5A-A2A5-785196946B36}.Ad-Hoc|ARM.ActiveCfg = Release|Any CPU
		{D8F5821F-4BB3-4E5A-A2A5-785196946B36}.Ad-Hoc|iPhone.ActiveCfg = Release|Any CPU
		{D8F5821F-4BB3-4E5A-A2A5-785196946B36}.Ad-Hoc|iPhoneSimulator.ActiveCfg = Release|Any CPU
		{D8F5821F-4BB3-4E5A-A2A5-785196946B36}.Ad-Hoc|Mixed Platforms.ActiveCfg = Release|Any CPU
		{D8F5821F-4BB3-4E5A-A2A5-785196946B36}.Ad-Hoc|Mixed Platforms.Build.0 = Release|Any CPU
		{D8F5821F-4BB3-4E5A-A2A5-785196946B36}.Ad-Hoc|x86.ActiveCfg = Release|Any CPU
		{D8F5821F-4BB3-4E5A-A2A5-785196946B36}.AppStore|Any CPU.ActiveCfg = Release|Any CPU
		{D8F5821F-4BB3-4E5A-A2A5-785196946B36}.AppStore|Any CPU.Build.0 = Release|Any CPU
		{D8F5821F-4BB3-4E5A-A2A5-785196946B36}.AppStore|ARM.ActiveCfg = Release|Any CPU
		{D8F5821F-4BB3-4E5A-A2A5-785196946B36}.AppStore|iPhone.ActiveCfg = Release|Any CPU
		{D8F5821F-4BB3-4E5A-A2A5-785196946B36}.AppStore|iPhoneSimulator.ActiveCfg = Release|Any CPU
		{D8F5821F-4BB3-4E5A-A2A5-785196946B36}.AppStore|Mixed Platforms.ActiveCfg = Release|Any CPU
		{D8F5821F-4BB3-4E5A-A2A5-785196946B36}.AppStore|Mixed Platforms.Build.0 = Release|Any CPU
		{D8F5821F-4BB3-4E5A-A2A5-785196946B36}.AppStore|x86.ActiveCfg = Release|Any CPU
		{D8F5821F-4BB3-4E5A-A2A5-785196946B36}.Debug|Any CPU.ActiveCfg = Debug|Any CPU
		{D8F5821F-4BB3-4E5A-A2A5-785196946B36}.Debug|Any CPU.Build.0 = Debug|Any CPU
		{D8F5821F-4BB3-4E5A-A2A5-785196946B36}.Debug|ARM.ActiveCfg = Debug|Any CPU
		{D8F5821F-4BB3-4E5A-A2A5-785196946B36}.Debug|iPhone.ActiveCfg = Debug|Any CPU
		{D8F5821F-4BB3-4E5A-A2A5-785196946B36}.Debug|iPhone.Build.0 = Debug|Any CPU
		{D8F5821F-4BB3-4E5A-A2A5-785196946B36}.Debug|iPhoneSimulator.ActiveCfg = Debug|Any CPU
		{D8F5821F-4BB3-4E5A-A2A5-785196946B36}.Debug|Mixed Platforms.ActiveCfg = Debug|Any CPU
		{D8F5821F-4BB3-4E5A-A2A5-785196946B36}.Debug|Mixed Platforms.Build.0 = Debug|Any CPU
		{D8F5821F-4BB3-4E5A-A2A5-785196946B36}.Debug|x86.ActiveCfg = Debug|Any CPU
		{D8F5821F-4BB3-4E5A-A2A5-785196946B36}.Release|Any CPU.ActiveCfg = Release|Any CPU
		{D8F5821F-4BB3-4E5A-A2A5-785196946B36}.Release|Any CPU.Build.0 = Release|Any CPU
		{D8F5821F-4BB3-4E5A-A2A5-785196946B36}.Release|ARM.ActiveCfg = Release|Any CPU
		{D8F5821F-4BB3-4E5A-A2A5-785196946B36}.Release|iPhone.ActiveCfg = Release|Any CPU
		{D8F5821F-4BB3-4E5A-A2A5-785196946B36}.Release|iPhoneSimulator.ActiveCfg = Release|Any CPU
		{D8F5821F-4BB3-4E5A-A2A5-785196946B36}.Release|Mixed Platforms.ActiveCfg = Release|Any CPU
		{D8F5821F-4BB3-4E5A-A2A5-785196946B36}.Release|Mixed Platforms.Build.0 = Release|Any CPU
		{D8F5821F-4BB3-4E5A-A2A5-785196946B36}.Release|x86.ActiveCfg = Release|Any CPU
		{DCD299E5-925A-45EA-986E-D1A349047AFA}.Ad-Hoc|Any CPU.ActiveCfg = Ad-Hoc|iPhone
		{DCD299E5-925A-45EA-986E-D1A349047AFA}.Ad-Hoc|ARM.ActiveCfg = Ad-Hoc|iPhone
		{DCD299E5-925A-45EA-986E-D1A349047AFA}.Ad-Hoc|iPhone.ActiveCfg = Ad-Hoc|iPhone
		{DCD299E5-925A-45EA-986E-D1A349047AFA}.Ad-Hoc|iPhone.Build.0 = Ad-Hoc|iPhone
		{DCD299E5-925A-45EA-986E-D1A349047AFA}.Ad-Hoc|iPhoneSimulator.ActiveCfg = Ad-Hoc|iPhoneSimulator
		{DCD299E5-925A-45EA-986E-D1A349047AFA}.Ad-Hoc|iPhoneSimulator.Build.0 = Ad-Hoc|iPhoneSimulator
		{DCD299E5-925A-45EA-986E-D1A349047AFA}.Ad-Hoc|Mixed Platforms.ActiveCfg = Ad-Hoc|iPhone
		{DCD299E5-925A-45EA-986E-D1A349047AFA}.Ad-Hoc|Mixed Platforms.Build.0 = Ad-Hoc|iPhone
		{DCD299E5-925A-45EA-986E-D1A349047AFA}.Ad-Hoc|x86.ActiveCfg = Ad-Hoc|iPhone
		{DCD299E5-925A-45EA-986E-D1A349047AFA}.AppStore|Any CPU.ActiveCfg = AppStore|iPhone
		{DCD299E5-925A-45EA-986E-D1A349047AFA}.AppStore|ARM.ActiveCfg = AppStore|iPhone
		{DCD299E5-925A-45EA-986E-D1A349047AFA}.AppStore|iPhone.ActiveCfg = AppStore|iPhone
		{DCD299E5-925A-45EA-986E-D1A349047AFA}.AppStore|iPhone.Build.0 = AppStore|iPhone
		{DCD299E5-925A-45EA-986E-D1A349047AFA}.AppStore|iPhoneSimulator.ActiveCfg = AppStore|iPhoneSimulator
		{DCD299E5-925A-45EA-986E-D1A349047AFA}.AppStore|iPhoneSimulator.Build.0 = AppStore|iPhoneSimulator
		{DCD299E5-925A-45EA-986E-D1A349047AFA}.AppStore|Mixed Platforms.ActiveCfg = AppStore|iPhone
		{DCD299E5-925A-45EA-986E-D1A349047AFA}.AppStore|Mixed Platforms.Build.0 = AppStore|iPhone
		{DCD299E5-925A-45EA-986E-D1A349047AFA}.AppStore|x86.ActiveCfg = AppStore|iPhone
		{DCD299E5-925A-45EA-986E-D1A349047AFA}.Debug|Any CPU.ActiveCfg = Debug|iPhone
		{DCD299E5-925A-45EA-986E-D1A349047AFA}.Debug|ARM.ActiveCfg = Debug|iPhone
		{DCD299E5-925A-45EA-986E-D1A349047AFA}.Debug|iPhone.ActiveCfg = Debug|iPhone
		{DCD299E5-925A-45EA-986E-D1A349047AFA}.Debug|iPhone.Build.0 = Debug|iPhone
		{DCD299E5-925A-45EA-986E-D1A349047AFA}.Debug|iPhoneSimulator.ActiveCfg = Debug|iPhoneSimulator
		{DCD299E5-925A-45EA-986E-D1A349047AFA}.Debug|iPhoneSimulator.Build.0 = Debug|iPhoneSimulator
		{DCD299E5-925A-45EA-986E-D1A349047AFA}.Debug|Mixed Platforms.ActiveCfg = Debug|iPhone
		{DCD299E5-925A-45EA-986E-D1A349047AFA}.Debug|Mixed Platforms.Build.0 = Debug|iPhone
		{DCD299E5-925A-45EA-986E-D1A349047AFA}.Debug|x86.ActiveCfg = Debug|iPhone
		{DCD299E5-925A-45EA-986E-D1A349047AFA}.Release|Any CPU.ActiveCfg = Release|iPhone
		{DCD299E5-925A-45EA-986E-D1A349047AFA}.Release|ARM.ActiveCfg = Release|iPhone
		{DCD299E5-925A-45EA-986E-D1A349047AFA}.Release|iPhone.ActiveCfg = Release|iPhone
		{DCD299E5-925A-45EA-986E-D1A349047AFA}.Release|iPhone.Build.0 = Release|iPhone
		{DCD299E5-925A-45EA-986E-D1A349047AFA}.Release|iPhoneSimulator.ActiveCfg = Release|iPhoneSimulator
		{DCD299E5-925A-45EA-986E-D1A349047AFA}.Release|iPhoneSimulator.Build.0 = Release|iPhoneSimulator
		{DCD299E5-925A-45EA-986E-D1A349047AFA}.Release|Mixed Platforms.ActiveCfg = Release|iPhone
		{DCD299E5-925A-45EA-986E-D1A349047AFA}.Release|Mixed Platforms.Build.0 = Release|iPhone
		{DCD299E5-925A-45EA-986E-D1A349047AFA}.Release|x86.ActiveCfg = Release|iPhone
		{5A01C6BD-9B84-40CB-9B66-CDBDD3BF1618}.Ad-Hoc|Any CPU.ActiveCfg = Release|Any CPU
		{5A01C6BD-9B84-40CB-9B66-CDBDD3BF1618}.Ad-Hoc|Any CPU.Build.0 = Release|Any CPU
		{5A01C6BD-9B84-40CB-9B66-CDBDD3BF1618}.Ad-Hoc|Any CPU.Deploy.0 = Release|Any CPU
		{5A01C6BD-9B84-40CB-9B66-CDBDD3BF1618}.Ad-Hoc|ARM.ActiveCfg = Release|Any CPU
		{5A01C6BD-9B84-40CB-9B66-CDBDD3BF1618}.Ad-Hoc|iPhone.ActiveCfg = Release|Any CPU
		{5A01C6BD-9B84-40CB-9B66-CDBDD3BF1618}.Ad-Hoc|iPhoneSimulator.ActiveCfg = Release|Any CPU
		{5A01C6BD-9B84-40CB-9B66-CDBDD3BF1618}.Ad-Hoc|Mixed Platforms.ActiveCfg = Release|Any CPU
		{5A01C6BD-9B84-40CB-9B66-CDBDD3BF1618}.Ad-Hoc|Mixed Platforms.Build.0 = Release|Any CPU
		{5A01C6BD-9B84-40CB-9B66-CDBDD3BF1618}.Ad-Hoc|Mixed Platforms.Deploy.0 = Release|Any CPU
		{5A01C6BD-9B84-40CB-9B66-CDBDD3BF1618}.Ad-Hoc|x86.ActiveCfg = Release|Any CPU
		{5A01C6BD-9B84-40CB-9B66-CDBDD3BF1618}.AppStore|Any CPU.ActiveCfg = Release|Any CPU
		{5A01C6BD-9B84-40CB-9B66-CDBDD3BF1618}.AppStore|Any CPU.Build.0 = Release|Any CPU
		{5A01C6BD-9B84-40CB-9B66-CDBDD3BF1618}.AppStore|Any CPU.Deploy.0 = Release|Any CPU
		{5A01C6BD-9B84-40CB-9B66-CDBDD3BF1618}.AppStore|ARM.ActiveCfg = Release|Any CPU
		{5A01C6BD-9B84-40CB-9B66-CDBDD3BF1618}.AppStore|iPhone.ActiveCfg = Release|Any CPU
		{5A01C6BD-9B84-40CB-9B66-CDBDD3BF1618}.AppStore|iPhoneSimulator.ActiveCfg = Release|Any CPU
		{5A01C6BD-9B84-40CB-9B66-CDBDD3BF1618}.AppStore|Mixed Platforms.ActiveCfg = Release|Any CPU
		{5A01C6BD-9B84-40CB-9B66-CDBDD3BF1618}.AppStore|Mixed Platforms.Build.0 = Release|Any CPU
		{5A01C6BD-9B84-40CB-9B66-CDBDD3BF1618}.AppStore|Mixed Platforms.Deploy.0 = Release|Any CPU
		{5A01C6BD-9B84-40CB-9B66-CDBDD3BF1618}.AppStore|x86.ActiveCfg = Release|Any CPU
		{5A01C6BD-9B84-40CB-9B66-CDBDD3BF1618}.Debug|Any CPU.ActiveCfg = Debug|Any CPU
		{5A01C6BD-9B84-40CB-9B66-CDBDD3BF1618}.Debug|Any CPU.Build.0 = Debug|Any CPU
		{5A01C6BD-9B84-40CB-9B66-CDBDD3BF1618}.Debug|Any CPU.Deploy.0 = Debug|Any CPU
		{5A01C6BD-9B84-40CB-9B66-CDBDD3BF1618}.Debug|ARM.ActiveCfg = Debug|Any CPU
		{5A01C6BD-9B84-40CB-9B66-CDBDD3BF1618}.Debug|iPhone.ActiveCfg = Debug|Any CPU
		{5A01C6BD-9B84-40CB-9B66-CDBDD3BF1618}.Debug|iPhoneSimulator.ActiveCfg = Debug|Any CPU
		{5A01C6BD-9B84-40CB-9B66-CDBDD3BF1618}.Debug|Mixed Platforms.ActiveCfg = Debug|Any CPU
		{5A01C6BD-9B84-40CB-9B66-CDBDD3BF1618}.Debug|Mixed Platforms.Build.0 = Debug|Any CPU
		{5A01C6BD-9B84-40CB-9B66-CDBDD3BF1618}.Debug|Mixed Platforms.Deploy.0 = Debug|Any CPU
		{5A01C6BD-9B84-40CB-9B66-CDBDD3BF1618}.Debug|x86.ActiveCfg = Debug|Any CPU
		{5A01C6BD-9B84-40CB-9B66-CDBDD3BF1618}.Release|Any CPU.ActiveCfg = Release|Any CPU
		{5A01C6BD-9B84-40CB-9B66-CDBDD3BF1618}.Release|Any CPU.Build.0 = Release|Any CPU
		{5A01C6BD-9B84-40CB-9B66-CDBDD3BF1618}.Release|Any CPU.Deploy.0 = Release|Any CPU
		{5A01C6BD-9B84-40CB-9B66-CDBDD3BF1618}.Release|ARM.ActiveCfg = Release|Any CPU
		{5A01C6BD-9B84-40CB-9B66-CDBDD3BF1618}.Release|iPhone.ActiveCfg = Release|Any CPU
		{5A01C6BD-9B84-40CB-9B66-CDBDD3BF1618}.Release|iPhoneSimulator.ActiveCfg = Release|Any CPU
		{5A01C6BD-9B84-40CB-9B66-CDBDD3BF1618}.Release|Mixed Platforms.ActiveCfg = Release|Any CPU
		{5A01C6BD-9B84-40CB-9B66-CDBDD3BF1618}.Release|Mixed Platforms.Build.0 = Release|Any CPU
		{5A01C6BD-9B84-40CB-9B66-CDBDD3BF1618}.Release|Mixed Platforms.Deploy.0 = Release|Any CPU
		{5A01C6BD-9B84-40CB-9B66-CDBDD3BF1618}.Release|x86.ActiveCfg = Release|Any CPU
	EndGlobalSection
	GlobalSection(SolutionProperties) = preSolution
		HideSolutionNode = FALSE
	EndGlobalSection
	GlobalSection(NestedProjects) = preSolution
		{922FED8D-BDDD-47BC-BC88-705FF802115D} = {30119889-A33A-4489-BFBE-9D767B1C43EA}
		{1B7E7069-1386-4B26-93A7-7FE7F661B81F} = {30119889-A33A-4489-BFBE-9D767B1C43EA}
		{D8F5821F-4BB3-4E5A-A2A5-785196946B36} = {BA604D36-E0A9-4949-85E7-7C5066A30C85}
		{DCD299E5-925A-45EA-986E-D1A349047AFA} = {03F48895-32BA-47FA-86DC-A10DC779C0FE}
		{5A01C6BD-9B84-40CB-9B66-CDBDD3BF1618} = {03F48895-32BA-47FA-86DC-A10DC779C0FE}
		{03F48895-32BA-47FA-86DC-A10DC779C0FE} = {BA604D36-E0A9-4949-85E7-7C5066A30C85}
	EndGlobalSection
	GlobalSection(ExtensibilityGlobals) = postSolution
		SolutionGuid = {AEF2E1D1-1460-43AB-BE53-E8A8DE9415B0}
	EndGlobalSection
EndGlobal
