
Microsoft Visual Studio Solution File, Format Version 12.00
# Visual Studio Version 16
VisualStudioVersion = 16.0.29613.14
MinimumVisualStudioVersion = 10.0.40219.1
Project("{FAE04EC0-301F-11D3-BF4B-00C04F79EFBC}") = "AnylineExamples.Droid", "AnylineExamples.Droid\AnylineExamples.Droid.csproj", "{3BC0AC7E-3B3B-4D3F-9CC0-B2BDECC460A6}"
EndProject
Project("{FAE04EC0-301F-11D3-BF4B-00C04F79EFBC}") = "AnylineExamples.iOS", "AnylineExamples.iOS\AnylineExamples.iOS.csproj", "{80A96B52-6758-4BDB-B0B4-CEA4CA155C60}"
EndProject
Project("{D954291E-2A0B-460D-934E-DC6B0785DB48}") = "AnylineExamples.Shared", "AnylineExamples.Shared\AnylineExamples.Shared.shproj", "{32A60C2C-F310-4800-881B-AE556D4B6704}"
EndProject
Project("{FAE04EC0-301F-11D3-BF4B-00C04F79EFBC}") = "Anyline.UWP", "Xamarin.Forms\Anyline\Anyline.UWP\Anyline.UWP.csproj", "{87CEF515-9F70-40B4-BEE4-17E87C479898}"
EndProject
Project("{FAE04EC0-301F-11D3-BF4B-00C04F79EFBC}") = "Anyline.iOS", "Xamarin.Forms\Anyline\Anyline.iOS\Anyline.iOS.csproj", "{2DC7C6B0-B1C3-43C3-8A10-35179E3BD098}"
EndProject
Project("{9A19103F-16F7-4668-BE54-9A1E7A4F7556}") = "Anyline", "Xamarin.Forms\Anyline\Anyline\Anyline.csproj", "{C72A4B49-D1FA-49D4-99BA-5AA347FA0179}"
EndProject
Project("{2150E333-8FDC-42A3-9474-1A3956D46DE8}") = "Xamarin.Forms", "Xamarin.Forms", "{B88A40E8-D632-4D28-9F2D-FC23CAB47AE4}"
EndProject
Project("{FAE04EC0-301F-11D3-BF4B-00C04F79EFBC}") = "Anyline.Android", "Xamarin.Forms\Anyline\Anyline.Android\Anyline.Android.csproj", "{60FEC85F-AE51-4006-AF92-A127A92D3913}"
EndProject
Global
	GlobalSection(SharedMSBuildProjectFiles) = preSolution
		AnylineExamples.Shared\AnylineExamples.Shared.projitems*{32a60c2c-f310-4800-881b-ae556d4b6704}*SharedItemsImports = 13
		AnylineExamples.Shared\AnylineExamples.Shared.projitems*{3bc0ac7e-3b3b-4d3f-9cc0-b2bdecc460a6}*SharedItemsImports = 4
		AnylineExamples.Shared\AnylineExamples.Shared.projitems*{80a96b52-6758-4bdb-b0b4-cea4ca155c60}*SharedItemsImports = 4
	EndGlobalSection
	GlobalSection(SolutionConfigurationPlatforms) = preSolution
		Ad-Hoc|Any CPU = Ad-Hoc|Any CPU
		Ad-Hoc|ARM = Ad-Hoc|ARM
		Ad-Hoc|ARM64 = Ad-Hoc|ARM64
		Ad-Hoc|iPhone = Ad-Hoc|iPhone
		Ad-Hoc|iPhoneSimulator = Ad-Hoc|iPhoneSimulator
		Ad-Hoc|Mixed Platforms = Ad-Hoc|Mixed Platforms
		Ad-Hoc|x64 = Ad-Hoc|x64
		Ad-Hoc|x86 = Ad-Hoc|x86
		AppStore|Any CPU = AppStore|Any CPU
		AppStore|ARM = AppStore|ARM
		AppStore|ARM64 = AppStore|ARM64
		AppStore|iPhone = AppStore|iPhone
		AppStore|iPhoneSimulator = AppStore|iPhoneSimulator
		AppStore|Mixed Platforms = AppStore|Mixed Platforms
		AppStore|x64 = AppStore|x64
		AppStore|x86 = AppStore|x86
		Debug|Any CPU = Debug|Any CPU
		Debug|ARM = Debug|ARM
		Debug|ARM64 = Debug|ARM64
		Debug|iPhone = Debug|iPhone
		Debug|iPhoneSimulator = Debug|iPhoneSimulator
		Debug|Mixed Platforms = Debug|Mixed Platforms
		Debug|x64 = Debug|x64
		Debug|x86 = Debug|x86
		Release|Any CPU = Release|Any CPU
		Release|ARM = Release|ARM
		Release|ARM64 = Release|ARM64
		Release|iPhone = Release|iPhone
		Release|iPhoneSimulator = Release|iPhoneSimulator
		Release|Mixed Platforms = Release|Mixed Platforms
		Release|x64 = Release|x64
		Release|x86 = Release|x86
	EndGlobalSection
	GlobalSection(ProjectConfigurationPlatforms) = postSolution
		{3BC0AC7E-3B3B-4D3F-9CC0-B2BDECC460A6}.Ad-Hoc|Any CPU.ActiveCfg = Release|Any CPU
		{3BC0AC7E-3B3B-4D3F-9CC0-B2BDECC460A6}.Ad-Hoc|Any CPU.Build.0 = Release|Any CPU
		{3BC0AC7E-3B3B-4D3F-9CC0-B2BDECC460A6}.Ad-Hoc|Any CPU.Deploy.0 = Release|Any CPU
		{3BC0AC7E-3B3B-4D3F-9CC0-B2BDECC460A6}.Ad-Hoc|ARM.ActiveCfg = Release|Any CPU
		{3BC0AC7E-3B3B-4D3F-9CC0-B2BDECC460A6}.Ad-Hoc|ARM.Build.0 = Release|Any CPU
		{3BC0AC7E-3B3B-4D3F-9CC0-B2BDECC460A6}.Ad-Hoc|ARM.Deploy.0 = Release|Any CPU
		{3BC0AC7E-3B3B-4D3F-9CC0-B2BDECC460A6}.Ad-Hoc|ARM64.ActiveCfg = Debug|Any CPU
		{3BC0AC7E-3B3B-4D3F-9CC0-B2BDECC460A6}.Ad-Hoc|ARM64.Build.0 = Debug|Any CPU
		{3BC0AC7E-3B3B-4D3F-9CC0-B2BDECC460A6}.Ad-Hoc|ARM64.Deploy.0 = Debug|Any CPU
		{3BC0AC7E-3B3B-4D3F-9CC0-B2BDECC460A6}.Ad-Hoc|iPhone.ActiveCfg = Release|Any CPU
		{3BC0AC7E-3B3B-4D3F-9CC0-B2BDECC460A6}.Ad-Hoc|iPhone.Build.0 = Release|Any CPU
		{3BC0AC7E-3B3B-4D3F-9CC0-B2BDECC460A6}.Ad-Hoc|iPhone.Deploy.0 = Release|Any CPU
		{3BC0AC7E-3B3B-4D3F-9CC0-B2BDECC460A6}.Ad-Hoc|iPhoneSimulator.ActiveCfg = Release|Any CPU
		{3BC0AC7E-3B3B-4D3F-9CC0-B2BDECC460A6}.Ad-Hoc|iPhoneSimulator.Build.0 = Release|Any CPU
		{3BC0AC7E-3B3B-4D3F-9CC0-B2BDECC460A6}.Ad-Hoc|iPhoneSimulator.Deploy.0 = Release|Any CPU
		{3BC0AC7E-3B3B-4D3F-9CC0-B2BDECC460A6}.Ad-Hoc|Mixed Platforms.ActiveCfg = Release|Any CPU
		{3BC0AC7E-3B3B-4D3F-9CC0-B2BDECC460A6}.Ad-Hoc|Mixed Platforms.Build.0 = Release|Any CPU
		{3BC0AC7E-3B3B-4D3F-9CC0-B2BDECC460A6}.Ad-Hoc|Mixed Platforms.Deploy.0 = Release|Any CPU
		{3BC0AC7E-3B3B-4D3F-9CC0-B2BDECC460A6}.Ad-Hoc|x64.ActiveCfg = Debug|Any CPU
		{3BC0AC7E-3B3B-4D3F-9CC0-B2BDECC460A6}.Ad-Hoc|x64.Build.0 = Debug|Any CPU
		{3BC0AC7E-3B3B-4D3F-9CC0-B2BDECC460A6}.Ad-Hoc|x64.Deploy.0 = Debug|Any CPU
		{3BC0AC7E-3B3B-4D3F-9CC0-B2BDECC460A6}.Ad-Hoc|x86.ActiveCfg = Release|Any CPU
		{3BC0AC7E-3B3B-4D3F-9CC0-B2BDECC460A6}.Ad-Hoc|x86.Build.0 = Release|Any CPU
		{3BC0AC7E-3B3B-4D3F-9CC0-B2BDECC460A6}.Ad-Hoc|x86.Deploy.0 = Release|Any CPU
		{3BC0AC7E-3B3B-4D3F-9CC0-B2BDECC460A6}.AppStore|Any CPU.ActiveCfg = Release|Any CPU
		{3BC0AC7E-3B3B-4D3F-9CC0-B2BDECC460A6}.AppStore|Any CPU.Build.0 = Release|Any CPU
		{3BC0AC7E-3B3B-4D3F-9CC0-B2BDECC460A6}.AppStore|Any CPU.Deploy.0 = Release|Any CPU
		{3BC0AC7E-3B3B-4D3F-9CC0-B2BDECC460A6}.AppStore|ARM.ActiveCfg = Release|Any CPU
		{3BC0AC7E-3B3B-4D3F-9CC0-B2BDECC460A6}.AppStore|ARM.Build.0 = Release|Any CPU
		{3BC0AC7E-3B3B-4D3F-9CC0-B2BDECC460A6}.AppStore|ARM.Deploy.0 = Release|Any CPU
		{3BC0AC7E-3B3B-4D3F-9CC0-B2BDECC460A6}.AppStore|ARM64.ActiveCfg = Debug|Any CPU
		{3BC0AC7E-3B3B-4D3F-9CC0-B2BDECC460A6}.AppStore|ARM64.Build.0 = Debug|Any CPU
		{3BC0AC7E-3B3B-4D3F-9CC0-B2BDECC460A6}.AppStore|ARM64.Deploy.0 = Debug|Any CPU
		{3BC0AC7E-3B3B-4D3F-9CC0-B2BDECC460A6}.AppStore|iPhone.ActiveCfg = Release|Any CPU
		{3BC0AC7E-3B3B-4D3F-9CC0-B2BDECC460A6}.AppStore|iPhone.Build.0 = Release|Any CPU
		{3BC0AC7E-3B3B-4D3F-9CC0-B2BDECC460A6}.AppStore|iPhone.Deploy.0 = Release|Any CPU
		{3BC0AC7E-3B3B-4D3F-9CC0-B2BDECC460A6}.AppStore|iPhoneSimulator.ActiveCfg = Release|Any CPU
		{3BC0AC7E-3B3B-4D3F-9CC0-B2BDECC460A6}.AppStore|iPhoneSimulator.Build.0 = Release|Any CPU
		{3BC0AC7E-3B3B-4D3F-9CC0-B2BDECC460A6}.AppStore|iPhoneSimulator.Deploy.0 = Release|Any CPU
		{3BC0AC7E-3B3B-4D3F-9CC0-B2BDECC460A6}.AppStore|Mixed Platforms.ActiveCfg = Release|Any CPU
		{3BC0AC7E-3B3B-4D3F-9CC0-B2BDECC460A6}.AppStore|Mixed Platforms.Build.0 = Release|Any CPU
		{3BC0AC7E-3B3B-4D3F-9CC0-B2BDECC460A6}.AppStore|Mixed Platforms.Deploy.0 = Release|Any CPU
		{3BC0AC7E-3B3B-4D3F-9CC0-B2BDECC460A6}.AppStore|x64.ActiveCfg = Debug|Any CPU
		{3BC0AC7E-3B3B-4D3F-9CC0-B2BDECC460A6}.AppStore|x64.Build.0 = Debug|Any CPU
		{3BC0AC7E-3B3B-4D3F-9CC0-B2BDECC460A6}.AppStore|x64.Deploy.0 = Debug|Any CPU
		{3BC0AC7E-3B3B-4D3F-9CC0-B2BDECC460A6}.AppStore|x86.ActiveCfg = Release|Any CPU
		{3BC0AC7E-3B3B-4D3F-9CC0-B2BDECC460A6}.AppStore|x86.Build.0 = Release|Any CPU
		{3BC0AC7E-3B3B-4D3F-9CC0-B2BDECC460A6}.AppStore|x86.Deploy.0 = Release|Any CPU
		{3BC0AC7E-3B3B-4D3F-9CC0-B2BDECC460A6}.Debug|Any CPU.ActiveCfg = Debug|Any CPU
		{3BC0AC7E-3B3B-4D3F-9CC0-B2BDECC460A6}.Debug|Any CPU.Build.0 = Debug|Any CPU
		{3BC0AC7E-3B3B-4D3F-9CC0-B2BDECC460A6}.Debug|Any CPU.Deploy.0 = Debug|Any CPU
		{3BC0AC7E-3B3B-4D3F-9CC0-B2BDECC460A6}.Debug|ARM.ActiveCfg = Debug|Any CPU
		{3BC0AC7E-3B3B-4D3F-9CC0-B2BDECC460A6}.Debug|ARM.Build.0 = Debug|Any CPU
		{3BC0AC7E-3B3B-4D3F-9CC0-B2BDECC460A6}.Debug|ARM.Deploy.0 = Debug|Any CPU
		{3BC0AC7E-3B3B-4D3F-9CC0-B2BDECC460A6}.Debug|ARM64.ActiveCfg = Debug|Any CPU
		{3BC0AC7E-3B3B-4D3F-9CC0-B2BDECC460A6}.Debug|ARM64.Build.0 = Debug|Any CPU
		{3BC0AC7E-3B3B-4D3F-9CC0-B2BDECC460A6}.Debug|ARM64.Deploy.0 = Debug|Any CPU
		{3BC0AC7E-3B3B-4D3F-9CC0-B2BDECC460A6}.Debug|iPhone.ActiveCfg = Debug|Any CPU
		{3BC0AC7E-3B3B-4D3F-9CC0-B2BDECC460A6}.Debug|iPhone.Build.0 = Debug|Any CPU
		{3BC0AC7E-3B3B-4D3F-9CC0-B2BDECC460A6}.Debug|iPhone.Deploy.0 = Debug|Any CPU
		{3BC0AC7E-3B3B-4D3F-9CC0-B2BDECC460A6}.Debug|iPhoneSimulator.ActiveCfg = Debug|Any CPU
		{3BC0AC7E-3B3B-4D3F-9CC0-B2BDECC460A6}.Debug|iPhoneSimulator.Build.0 = Debug|Any CPU
		{3BC0AC7E-3B3B-4D3F-9CC0-B2BDECC460A6}.Debug|iPhoneSimulator.Deploy.0 = Debug|Any CPU
		{3BC0AC7E-3B3B-4D3F-9CC0-B2BDECC460A6}.Debug|Mixed Platforms.ActiveCfg = Debug|Any CPU
		{3BC0AC7E-3B3B-4D3F-9CC0-B2BDECC460A6}.Debug|Mixed Platforms.Build.0 = Debug|Any CPU
		{3BC0AC7E-3B3B-4D3F-9CC0-B2BDECC460A6}.Debug|Mixed Platforms.Deploy.0 = Debug|Any CPU
		{3BC0AC7E-3B3B-4D3F-9CC0-B2BDECC460A6}.Debug|x64.ActiveCfg = Debug|Any CPU
		{3BC0AC7E-3B3B-4D3F-9CC0-B2BDECC460A6}.Debug|x64.Build.0 = Debug|Any CPU
		{3BC0AC7E-3B3B-4D3F-9CC0-B2BDECC460A6}.Debug|x64.Deploy.0 = Debug|Any CPU
		{3BC0AC7E-3B3B-4D3F-9CC0-B2BDECC460A6}.Debug|x86.ActiveCfg = Debug|Any CPU
		{3BC0AC7E-3B3B-4D3F-9CC0-B2BDECC460A6}.Debug|x86.Build.0 = Debug|Any CPU
		{3BC0AC7E-3B3B-4D3F-9CC0-B2BDECC460A6}.Debug|x86.Deploy.0 = Debug|Any CPU
		{3BC0AC7E-3B3B-4D3F-9CC0-B2BDECC460A6}.Release|Any CPU.ActiveCfg = Release|Any CPU
		{3BC0AC7E-3B3B-4D3F-9CC0-B2BDECC460A6}.Release|Any CPU.Build.0 = Release|Any CPU
		{3BC0AC7E-3B3B-4D3F-9CC0-B2BDECC460A6}.Release|Any CPU.Deploy.0 = Release|Any CPU
		{3BC0AC7E-3B3B-4D3F-9CC0-B2BDECC460A6}.Release|ARM.ActiveCfg = Release|Any CPU
		{3BC0AC7E-3B3B-4D3F-9CC0-B2BDECC460A6}.Release|ARM.Build.0 = Release|Any CPU
		{3BC0AC7E-3B3B-4D3F-9CC0-B2BDECC460A6}.Release|ARM.Deploy.0 = Release|Any CPU
		{3BC0AC7E-3B3B-4D3F-9CC0-B2BDECC460A6}.Release|ARM64.ActiveCfg = Release|Any CPU
		{3BC0AC7E-3B3B-4D3F-9CC0-B2BDECC460A6}.Release|ARM64.Build.0 = Release|Any CPU
		{3BC0AC7E-3B3B-4D3F-9CC0-B2BDECC460A6}.Release|ARM64.Deploy.0 = Release|Any CPU
		{3BC0AC7E-3B3B-4D3F-9CC0-B2BDECC460A6}.Release|iPhone.ActiveCfg = Release|Any CPU
		{3BC0AC7E-3B3B-4D3F-9CC0-B2BDECC460A6}.Release|iPhone.Build.0 = Release|Any CPU
		{3BC0AC7E-3B3B-4D3F-9CC0-B2BDECC460A6}.Release|iPhone.Deploy.0 = Release|Any CPU
		{3BC0AC7E-3B3B-4D3F-9CC0-B2BDECC460A6}.Release|iPhoneSimulator.ActiveCfg = Release|Any CPU
		{3BC0AC7E-3B3B-4D3F-9CC0-B2BDECC460A6}.Release|iPhoneSimulator.Build.0 = Release|Any CPU
		{3BC0AC7E-3B3B-4D3F-9CC0-B2BDECC460A6}.Release|iPhoneSimulator.Deploy.0 = Release|Any CPU
		{3BC0AC7E-3B3B-4D3F-9CC0-B2BDECC460A6}.Release|Mixed Platforms.ActiveCfg = Release|Any CPU
		{3BC0AC7E-3B3B-4D3F-9CC0-B2BDECC460A6}.Release|Mixed Platforms.Build.0 = Release|Any CPU
		{3BC0AC7E-3B3B-4D3F-9CC0-B2BDECC460A6}.Release|Mixed Platforms.Deploy.0 = Release|Any CPU
		{3BC0AC7E-3B3B-4D3F-9CC0-B2BDECC460A6}.Release|x64.ActiveCfg = Release|Any CPU
		{3BC0AC7E-3B3B-4D3F-9CC0-B2BDECC460A6}.Release|x64.Build.0 = Release|Any CPU
		{3BC0AC7E-3B3B-4D3F-9CC0-B2BDECC460A6}.Release|x64.Deploy.0 = Release|Any CPU
		{3BC0AC7E-3B3B-4D3F-9CC0-B2BDECC460A6}.Release|x86.ActiveCfg = Release|Any CPU
		{3BC0AC7E-3B3B-4D3F-9CC0-B2BDECC460A6}.Release|x86.Build.0 = Release|Any CPU
		{3BC0AC7E-3B3B-4D3F-9CC0-B2BDECC460A6}.Release|x86.Deploy.0 = Release|Any CPU
		{80A96B52-6758-4BDB-B0B4-CEA4CA155C60}.Ad-Hoc|Any CPU.ActiveCfg = Release|iPhone
		{80A96B52-6758-4BDB-B0B4-CEA4CA155C60}.Ad-Hoc|Any CPU.Build.0 = Release|iPhone
		{80A96B52-6758-4BDB-B0B4-CEA4CA155C60}.Ad-Hoc|ARM.ActiveCfg = Release|iPhone
		{80A96B52-6758-4BDB-B0B4-CEA4CA155C60}.Ad-Hoc|ARM.Build.0 = Release|iPhone
		{80A96B52-6758-4BDB-B0B4-CEA4CA155C60}.Ad-Hoc|ARM64.ActiveCfg = Release|iPhone
		{80A96B52-6758-4BDB-B0B4-CEA4CA155C60}.Ad-Hoc|ARM64.Build.0 = Release|iPhone
		{80A96B52-6758-4BDB-B0B4-CEA4CA155C60}.Ad-Hoc|iPhone.ActiveCfg = Release|iPhone
		{80A96B52-6758-4BDB-B0B4-CEA4CA155C60}.Ad-Hoc|iPhone.Build.0 = Release|iPhone
		{80A96B52-6758-4BDB-B0B4-CEA4CA155C60}.Ad-Hoc|iPhoneSimulator.ActiveCfg = Release|iPhoneSimulator
		{80A96B52-6758-4BDB-B0B4-CEA4CA155C60}.Ad-Hoc|iPhoneSimulator.Build.0 = Release|iPhoneSimulator
		{80A96B52-6758-4BDB-B0B4-CEA4CA155C60}.Ad-Hoc|Mixed Platforms.ActiveCfg = Release|iPhone
		{80A96B52-6758-4BDB-B0B4-CEA4CA155C60}.Ad-Hoc|Mixed Platforms.Build.0 = Release|iPhone
		{80A96B52-6758-4BDB-B0B4-CEA4CA155C60}.Ad-Hoc|x64.ActiveCfg = Release|iPhone
		{80A96B52-6758-4BDB-B0B4-CEA4CA155C60}.Ad-Hoc|x64.Build.0 = Release|iPhone
		{80A96B52-6758-4BDB-B0B4-CEA4CA155C60}.Ad-Hoc|x86.ActiveCfg = Release|iPhone
		{80A96B52-6758-4BDB-B0B4-CEA4CA155C60}.Ad-Hoc|x86.Build.0 = Release|iPhone
		{80A96B52-6758-4BDB-B0B4-CEA4CA155C60}.AppStore|Any CPU.ActiveCfg = Release|iPhone
		{80A96B52-6758-4BDB-B0B4-CEA4CA155C60}.AppStore|Any CPU.Build.0 = Release|iPhone
		{80A96B52-6758-4BDB-B0B4-CEA4CA155C60}.AppStore|ARM.ActiveCfg = Release|iPhone
		{80A96B52-6758-4BDB-B0B4-CEA4CA155C60}.AppStore|ARM.Build.0 = Release|iPhone
		{80A96B52-6758-4BDB-B0B4-CEA4CA155C60}.AppStore|ARM64.ActiveCfg = Release|iPhone
		{80A96B52-6758-4BDB-B0B4-CEA4CA155C60}.AppStore|ARM64.Build.0 = Release|iPhone
		{80A96B52-6758-4BDB-B0B4-CEA4CA155C60}.AppStore|iPhone.ActiveCfg = Release|iPhone
		{80A96B52-6758-4BDB-B0B4-CEA4CA155C60}.AppStore|iPhone.Build.0 = Release|iPhone
		{80A96B52-6758-4BDB-B0B4-CEA4CA155C60}.AppStore|iPhoneSimulator.ActiveCfg = Release|iPhoneSimulator
		{80A96B52-6758-4BDB-B0B4-CEA4CA155C60}.AppStore|iPhoneSimulator.Build.0 = Release|iPhoneSimulator
		{80A96B52-6758-4BDB-B0B4-CEA4CA155C60}.AppStore|Mixed Platforms.ActiveCfg = Release|iPhone
		{80A96B52-6758-4BDB-B0B4-CEA4CA155C60}.AppStore|Mixed Platforms.Build.0 = Release|iPhone
		{80A96B52-6758-4BDB-B0B4-CEA4CA155C60}.AppStore|x64.ActiveCfg = Release|iPhone
		{80A96B52-6758-4BDB-B0B4-CEA4CA155C60}.AppStore|x64.Build.0 = Release|iPhone
		{80A96B52-6758-4BDB-B0B4-CEA4CA155C60}.AppStore|x86.ActiveCfg = Release|iPhone
		{80A96B52-6758-4BDB-B0B4-CEA4CA155C60}.AppStore|x86.Build.0 = Release|iPhone
		{80A96B52-6758-4BDB-B0B4-CEA4CA155C60}.Debug|Any CPU.ActiveCfg = Debug|iPhone
		{80A96B52-6758-4BDB-B0B4-CEA4CA155C60}.Debug|ARM.ActiveCfg = Debug|iPhone
		{80A96B52-6758-4BDB-B0B4-CEA4CA155C60}.Debug|ARM64.ActiveCfg = Debug|iPhone
		{80A96B52-6758-4BDB-B0B4-CEA4CA155C60}.Debug|iPhone.ActiveCfg = Debug|iPhone
		{80A96B52-6758-4BDB-B0B4-CEA4CA155C60}.Debug|iPhone.Build.0 = Debug|iPhone
		{80A96B52-6758-4BDB-B0B4-CEA4CA155C60}.Debug|iPhone.Deploy.0 = Debug|iPhone
		{80A96B52-6758-4BDB-B0B4-CEA4CA155C60}.Debug|iPhoneSimulator.ActiveCfg = Debug|iPhoneSimulator
		{80A96B52-6758-4BDB-B0B4-CEA4CA155C60}.Debug|iPhoneSimulator.Build.0 = Debug|iPhoneSimulator
		{80A96B52-6758-4BDB-B0B4-CEA4CA155C60}.Debug|Mixed Platforms.ActiveCfg = Debug|iPhone
		{80A96B52-6758-4BDB-B0B4-CEA4CA155C60}.Debug|Mixed Platforms.Build.0 = Debug|iPhone
		{80A96B52-6758-4BDB-B0B4-CEA4CA155C60}.Debug|x64.ActiveCfg = Debug|iPhone
		{80A96B52-6758-4BDB-B0B4-CEA4CA155C60}.Debug|x86.ActiveCfg = Debug|iPhone
		{80A96B52-6758-4BDB-B0B4-CEA4CA155C60}.Release|Any CPU.ActiveCfg = Release|iPhone
		{80A96B52-6758-4BDB-B0B4-CEA4CA155C60}.Release|ARM.ActiveCfg = Release|iPhone
		{80A96B52-6758-4BDB-B0B4-CEA4CA155C60}.Release|ARM64.ActiveCfg = Release|iPhone
		{80A96B52-6758-4BDB-B0B4-CEA4CA155C60}.Release|iPhone.ActiveCfg = Release|iPhone
		{80A96B52-6758-4BDB-B0B4-CEA4CA155C60}.Release|iPhone.Build.0 = Release|iPhone
		{80A96B52-6758-4BDB-B0B4-CEA4CA155C60}.Release|iPhoneSimulator.ActiveCfg = Release|iPhoneSimulator
		{80A96B52-6758-4BDB-B0B4-CEA4CA155C60}.Release|iPhoneSimulator.Build.0 = Release|iPhoneSimulator
		{80A96B52-6758-4BDB-B0B4-CEA4CA155C60}.Release|Mixed Platforms.ActiveCfg = Release|iPhone
		{80A96B52-6758-4BDB-B0B4-CEA4CA155C60}.Release|Mixed Platforms.Build.0 = Release|iPhone
		{80A96B52-6758-4BDB-B0B4-CEA4CA155C60}.Release|x64.ActiveCfg = Release|iPhone
		{80A96B52-6758-4BDB-B0B4-CEA4CA155C60}.Release|x86.ActiveCfg = Release|iPhone
		{87CEF515-9F70-40B4-BEE4-17E87C479898}.Ad-Hoc|Any CPU.ActiveCfg = Release|x86
		{87CEF515-9F70-40B4-BEE4-17E87C479898}.Ad-Hoc|Any CPU.Build.0 = Release|x86
		{87CEF515-9F70-40B4-BEE4-17E87C479898}.Ad-Hoc|Any CPU.Deploy.0 = Release|x86
		{87CEF515-9F70-40B4-BEE4-17E87C479898}.Ad-Hoc|ARM.ActiveCfg = Release|ARM
		{87CEF515-9F70-40B4-BEE4-17E87C479898}.Ad-Hoc|ARM.Build.0 = Release|ARM
		{87CEF515-9F70-40B4-BEE4-17E87C479898}.Ad-Hoc|ARM.Deploy.0 = Release|ARM
		{87CEF515-9F70-40B4-BEE4-17E87C479898}.Ad-Hoc|ARM64.ActiveCfg = Release|x86
		{87CEF515-9F70-40B4-BEE4-17E87C479898}.Ad-Hoc|ARM64.Build.0 = Release|x86
		{87CEF515-9F70-40B4-BEE4-17E87C479898}.Ad-Hoc|ARM64.Deploy.0 = Release|x86
		{87CEF515-9F70-40B4-BEE4-17E87C479898}.Ad-Hoc|iPhone.ActiveCfg = Release|x86
		{87CEF515-9F70-40B4-BEE4-17E87C479898}.Ad-Hoc|iPhone.Build.0 = Release|x86
		{87CEF515-9F70-40B4-BEE4-17E87C479898}.Ad-Hoc|iPhone.Deploy.0 = Release|x86
		{87CEF515-9F70-40B4-BEE4-17E87C479898}.Ad-Hoc|iPhoneSimulator.ActiveCfg = Release|x86
		{87CEF515-9F70-40B4-BEE4-17E87C479898}.Ad-Hoc|iPhoneSimulator.Build.0 = Release|x86
		{87CEF515-9F70-40B4-BEE4-17E87C479898}.Ad-Hoc|iPhoneSimulator.Deploy.0 = Release|x86
		{87CEF515-9F70-40B4-BEE4-17E87C479898}.Ad-Hoc|Mixed Platforms.ActiveCfg = Release|x86
		{87CEF515-9F70-40B4-BEE4-17E87C479898}.Ad-Hoc|Mixed Platforms.Build.0 = Release|x86
		{87CEF515-9F70-40B4-BEE4-17E87C479898}.Ad-Hoc|Mixed Platforms.Deploy.0 = Release|x86
		{87CEF515-9F70-40B4-BEE4-17E87C479898}.Ad-Hoc|x64.ActiveCfg = Release|x64
		{87CEF515-9F70-40B4-BEE4-17E87C479898}.Ad-Hoc|x64.Build.0 = Release|x64
		{87CEF515-9F70-40B4-BEE4-17E87C479898}.Ad-Hoc|x64.Deploy.0 = Release|x64
		{87CEF515-9F70-40B4-BEE4-17E87C479898}.Ad-Hoc|x86.ActiveCfg = Release|x86
		{87CEF515-9F70-40B4-BEE4-17E87C479898}.Ad-Hoc|x86.Build.0 = Release|x86
		{87CEF515-9F70-40B4-BEE4-17E87C479898}.Ad-Hoc|x86.Deploy.0 = Release|x86
		{87CEF515-9F70-40B4-BEE4-17E87C479898}.AppStore|Any CPU.ActiveCfg = Release|x86
		{87CEF515-9F70-40B4-BEE4-17E87C479898}.AppStore|Any CPU.Build.0 = Release|x86
		{87CEF515-9F70-40B4-BEE4-17E87C479898}.AppStore|Any CPU.Deploy.0 = Release|x86
		{87CEF515-9F70-40B4-BEE4-17E87C479898}.AppStore|ARM.ActiveCfg = Release|ARM
		{87CEF515-9F70-40B4-BEE4-17E87C479898}.AppStore|ARM.Build.0 = Release|ARM
		{87CEF515-9F70-40B4-BEE4-17E87C479898}.AppStore|ARM.Deploy.0 = Release|ARM
		{87CEF515-9F70-40B4-BEE4-17E87C479898}.AppStore|ARM64.ActiveCfg = Release|x86
		{87CEF515-9F70-40B4-BEE4-17E87C479898}.AppStore|ARM64.Build.0 = Release|x86
		{87CEF515-9F70-40B4-BEE4-17E87C479898}.AppStore|ARM64.Deploy.0 = Release|x86
		{87CEF515-9F70-40B4-BEE4-17E87C479898}.AppStore|iPhone.ActiveCfg = Release|x86
		{87CEF515-9F70-40B4-BEE4-17E87C479898}.AppStore|iPhone.Build.0 = Release|x86
		{87CEF515-9F70-40B4-BEE4-17E87C479898}.AppStore|iPhone.Deploy.0 = Release|x86
		{87CEF515-9F70-40B4-BEE4-17E87C479898}.AppStore|iPhoneSimulator.ActiveCfg = Release|x86
		{87CEF515-9F70-40B4-BEE4-17E87C479898}.AppStore|iPhoneSimulator.Build.0 = Release|x86
		{87CEF515-9F70-40B4-BEE4-17E87C479898}.AppStore|iPhoneSimulator.Deploy.0 = Release|x86
		{87CEF515-9F70-40B4-BEE4-17E87C479898}.AppStore|Mixed Platforms.ActiveCfg = Release|x86
		{87CEF515-9F70-40B4-BEE4-17E87C479898}.AppStore|Mixed Platforms.Build.0 = Release|x86
		{87CEF515-9F70-40B4-BEE4-17E87C479898}.AppStore|Mixed Platforms.Deploy.0 = Release|x86
		{87CEF515-9F70-40B4-BEE4-17E87C479898}.AppStore|x64.ActiveCfg = Release|x64
		{87CEF515-9F70-40B4-BEE4-17E87C479898}.AppStore|x64.Build.0 = Release|x64
		{87CEF515-9F70-40B4-BEE4-17E87C479898}.AppStore|x64.Deploy.0 = Release|x64
		{87CEF515-9F70-40B4-BEE4-17E87C479898}.AppStore|x86.ActiveCfg = Release|x86
		{87CEF515-9F70-40B4-BEE4-17E87C479898}.AppStore|x86.Build.0 = Release|x86
		{87CEF515-9F70-40B4-BEE4-17E87C479898}.AppStore|x86.Deploy.0 = Release|x86
		{87CEF515-9F70-40B4-BEE4-17E87C479898}.Debug|Any CPU.ActiveCfg = Debug|x86
		{87CEF515-9F70-40B4-BEE4-17E87C479898}.Debug|ARM.ActiveCfg = Debug|ARM
		{87CEF515-9F70-40B4-BEE4-17E87C479898}.Debug|ARM.Build.0 = Debug|ARM
		{87CEF515-9F70-40B4-BEE4-17E87C479898}.Debug|ARM.Deploy.0 = Debug|ARM
		{87CEF515-9F70-40B4-BEE4-17E87C479898}.Debug|ARM64.ActiveCfg = Debug|x86
		{87CEF515-9F70-40B4-BEE4-17E87C479898}.Debug|iPhone.ActiveCfg = Debug|x86
		{87CEF515-9F70-40B4-BEE4-17E87C479898}.Debug|iPhoneSimulator.ActiveCfg = Debug|x86
		{87CEF515-9F70-40B4-BEE4-17E87C479898}.Debug|Mixed Platforms.ActiveCfg = Debug|x86
		{87CEF515-9F70-40B4-BEE4-17E87C479898}.Debug|Mixed Platforms.Build.0 = Debug|x86
		{87CEF515-9F70-40B4-BEE4-17E87C479898}.Debug|Mixed Platforms.Deploy.0 = Debug|x86
		{87CEF515-9F70-40B4-BEE4-17E87C479898}.Debug|x64.ActiveCfg = Debug|x64
		{87CEF515-9F70-40B4-BEE4-17E87C479898}.Debug|x64.Build.0 = Debug|x64
		{87CEF515-9F70-40B4-BEE4-17E87C479898}.Debug|x64.Deploy.0 = Debug|x64
		{87CEF515-9F70-40B4-BEE4-17E87C479898}.Debug|x86.ActiveCfg = Debug|x86
		{87CEF515-9F70-40B4-BEE4-17E87C479898}.Debug|x86.Build.0 = Debug|x86
		{87CEF515-9F70-40B4-BEE4-17E87C479898}.Debug|x86.Deploy.0 = Debug|x86
		{87CEF515-9F70-40B4-BEE4-17E87C479898}.Release|Any CPU.ActiveCfg = Release|x86
		{87CEF515-9F70-40B4-BEE4-17E87C479898}.Release|ARM.ActiveCfg = Release|ARM
		{87CEF515-9F70-40B4-BEE4-17E87C479898}.Release|ARM.Build.0 = Release|ARM
		{87CEF515-9F70-40B4-BEE4-17E87C479898}.Release|ARM.Deploy.0 = Release|ARM
		{87CEF515-9F70-40B4-BEE4-17E87C479898}.Release|ARM64.ActiveCfg = Release|x86
		{87CEF515-9F70-40B4-BEE4-17E87C479898}.Release|iPhone.ActiveCfg = Release|x86
		{87CEF515-9F70-40B4-BEE4-17E87C479898}.Release|iPhoneSimulator.ActiveCfg = Release|x86
		{87CEF515-9F70-40B4-BEE4-17E87C479898}.Release|Mixed Platforms.ActiveCfg = Release|x86
		{87CEF515-9F70-40B4-BEE4-17E87C479898}.Release|Mixed Platforms.Build.0 = Release|x86
		{87CEF515-9F70-40B4-BEE4-17E87C479898}.Release|Mixed Platforms.Deploy.0 = Release|x86
		{87CEF515-9F70-40B4-BEE4-17E87C479898}.Release|x64.ActiveCfg = Release|x64
		{87CEF515-9F70-40B4-BEE4-17E87C479898}.Release|x64.Build.0 = Release|x64
		{87CEF515-9F70-40B4-BEE4-17E87C479898}.Release|x64.Deploy.0 = Release|x64
		{87CEF515-9F70-40B4-BEE4-17E87C479898}.Release|x86.ActiveCfg = Release|x86
		{87CEF515-9F70-40B4-BEE4-17E87C479898}.Release|x86.Build.0 = Release|x86
		{87CEF515-9F70-40B4-BEE4-17E87C479898}.Release|x86.Deploy.0 = Release|x86
		{2DC7C6B0-B1C3-43C3-8A10-35179E3BD098}.Ad-Hoc|Any CPU.ActiveCfg = Release|iPhone
		{2DC7C6B0-B1C3-43C3-8A10-35179E3BD098}.Ad-Hoc|Any CPU.Build.0 = Release|iPhone
		{2DC7C6B0-B1C3-43C3-8A10-35179E3BD098}.Ad-Hoc|ARM.ActiveCfg = Release|iPhone
		{2DC7C6B0-B1C3-43C3-8A10-35179E3BD098}.Ad-Hoc|ARM.Build.0 = Release|iPhone
		{2DC7C6B0-B1C3-43C3-8A10-35179E3BD098}.Ad-Hoc|ARM64.ActiveCfg = Release|iPhone
		{2DC7C6B0-B1C3-43C3-8A10-35179E3BD098}.Ad-Hoc|ARM64.Build.0 = Release|iPhone
		{2DC7C6B0-B1C3-43C3-8A10-35179E3BD098}.Ad-Hoc|iPhone.ActiveCfg = Release|iPhone
		{2DC7C6B0-B1C3-43C3-8A10-35179E3BD098}.Ad-Hoc|iPhone.Build.0 = Release|iPhone
		{2DC7C6B0-B1C3-43C3-8A10-35179E3BD098}.Ad-Hoc|iPhoneSimulator.ActiveCfg = Release|iPhoneSimulator
		{2DC7C6B0-B1C3-43C3-8A10-35179E3BD098}.Ad-Hoc|iPhoneSimulator.Build.0 = Release|iPhoneSimulator
		{2DC7C6B0-B1C3-43C3-8A10-35179E3BD098}.Ad-Hoc|Mixed Platforms.ActiveCfg = Release|iPhone
		{2DC7C6B0-B1C3-43C3-8A10-35179E3BD098}.Ad-Hoc|Mixed Platforms.Build.0 = Release|iPhone
		{2DC7C6B0-B1C3-43C3-8A10-35179E3BD098}.Ad-Hoc|x64.ActiveCfg = Release|iPhone
		{2DC7C6B0-B1C3-43C3-8A10-35179E3BD098}.Ad-Hoc|x64.Build.0 = Release|iPhone
		{2DC7C6B0-B1C3-43C3-8A10-35179E3BD098}.Ad-Hoc|x86.ActiveCfg = Release|iPhone
		{2DC7C6B0-B1C3-43C3-8A10-35179E3BD098}.Ad-Hoc|x86.Build.0 = Release|iPhone
		{2DC7C6B0-B1C3-43C3-8A10-35179E3BD098}.AppStore|Any CPU.ActiveCfg = Release|iPhone
		{2DC7C6B0-B1C3-43C3-8A10-35179E3BD098}.AppStore|Any CPU.Build.0 = Release|iPhone
		{2DC7C6B0-B1C3-43C3-8A10-35179E3BD098}.AppStore|ARM.ActiveCfg = Release|iPhone
		{2DC7C6B0-B1C3-43C3-8A10-35179E3BD098}.AppStore|ARM.Build.0 = Release|iPhone
		{2DC7C6B0-B1C3-43C3-8A10-35179E3BD098}.AppStore|ARM64.ActiveCfg = Release|iPhone
		{2DC7C6B0-B1C3-43C3-8A10-35179E3BD098}.AppStore|ARM64.Build.0 = Release|iPhone
		{2DC7C6B0-B1C3-43C3-8A10-35179E3BD098}.AppStore|iPhone.ActiveCfg = Release|iPhone
		{2DC7C6B0-B1C3-43C3-8A10-35179E3BD098}.AppStore|iPhone.Build.0 = Release|iPhone
		{2DC7C6B0-B1C3-43C3-8A10-35179E3BD098}.AppStore|iPhoneSimulator.ActiveCfg = Release|iPhoneSimulator
		{2DC7C6B0-B1C3-43C3-8A10-35179E3BD098}.AppStore|iPhoneSimulator.Build.0 = Release|iPhoneSimulator
		{2DC7C6B0-B1C3-43C3-8A10-35179E3BD098}.AppStore|Mixed Platforms.ActiveCfg = Release|iPhone
		{2DC7C6B0-B1C3-43C3-8A10-35179E3BD098}.AppStore|Mixed Platforms.Build.0 = Release|iPhone
		{2DC7C6B0-B1C3-43C3-8A10-35179E3BD098}.AppStore|x64.ActiveCfg = Release|iPhone
		{2DC7C6B0-B1C3-43C3-8A10-35179E3BD098}.AppStore|x64.Build.0 = Release|iPhone
		{2DC7C6B0-B1C3-43C3-8A10-35179E3BD098}.AppStore|x86.ActiveCfg = Release|iPhone
		{2DC7C6B0-B1C3-43C3-8A10-35179E3BD098}.AppStore|x86.Build.0 = Release|iPhone
		{2DC7C6B0-B1C3-43C3-8A10-35179E3BD098}.Debug|Any CPU.ActiveCfg = Debug|iPhone
		{2DC7C6B0-B1C3-43C3-8A10-35179E3BD098}.Debug|ARM.ActiveCfg = Debug|iPhone
		{2DC7C6B0-B1C3-43C3-8A10-35179E3BD098}.Debug|ARM64.ActiveCfg = Debug|iPhone
		{2DC7C6B0-B1C3-43C3-8A10-35179E3BD098}.Debug|iPhone.ActiveCfg = Debug|iPhone
		{2DC7C6B0-B1C3-43C3-8A10-35179E3BD098}.Debug|iPhone.Build.0 = Debug|iPhone
		{2DC7C6B0-B1C3-43C3-8A10-35179E3BD098}.Debug|iPhone.Deploy.0 = Debug|iPhone
		{2DC7C6B0-B1C3-43C3-8A10-35179E3BD098}.Debug|iPhoneSimulator.ActiveCfg = Debug|iPhoneSimulator
		{2DC7C6B0-B1C3-43C3-8A10-35179E3BD098}.Debug|iPhoneSimulator.Build.0 = Debug|iPhoneSimulator
		{2DC7C6B0-B1C3-43C3-8A10-35179E3BD098}.Debug|Mixed Platforms.ActiveCfg = Debug|iPhone
		{2DC7C6B0-B1C3-43C3-8A10-35179E3BD098}.Debug|Mixed Platforms.Build.0 = Debug|iPhone
		{2DC7C6B0-B1C3-43C3-8A10-35179E3BD098}.Debug|x64.ActiveCfg = Debug|iPhone
		{2DC7C6B0-B1C3-43C3-8A10-35179E3BD098}.Debug|x86.ActiveCfg = Debug|iPhone
		{2DC7C6B0-B1C3-43C3-8A10-35179E3BD098}.Release|Any CPU.ActiveCfg = Release|iPhone
		{2DC7C6B0-B1C3-43C3-8A10-35179E3BD098}.Release|ARM.ActiveCfg = Release|iPhone
		{2DC7C6B0-B1C3-43C3-8A10-35179E3BD098}.Release|ARM64.ActiveCfg = Release|iPhone
		{2DC7C6B0-B1C3-43C3-8A10-35179E3BD098}.Release|iPhone.ActiveCfg = Release|iPhone
		{2DC7C6B0-B1C3-43C3-8A10-35179E3BD098}.Release|iPhone.Build.0 = Release|iPhone
		{2DC7C6B0-B1C3-43C3-8A10-35179E3BD098}.Release|iPhoneSimulator.ActiveCfg = Release|iPhoneSimulator
		{2DC7C6B0-B1C3-43C3-8A10-35179E3BD098}.Release|iPhoneSimulator.Build.0 = Release|iPhoneSimulator
		{2DC7C6B0-B1C3-43C3-8A10-35179E3BD098}.Release|Mixed Platforms.ActiveCfg = Release|iPhone
		{2DC7C6B0-B1C3-43C3-8A10-35179E3BD098}.Release|Mixed Platforms.Build.0 = Release|iPhone
		{2DC7C6B0-B1C3-43C3-8A10-35179E3BD098}.Release|x64.ActiveCfg = Release|iPhone
		{2DC7C6B0-B1C3-43C3-8A10-35179E3BD098}.Release|x86.ActiveCfg = Release|iPhone
		{C72A4B49-D1FA-49D4-99BA-5AA347FA0179}.Ad-Hoc|Any CPU.ActiveCfg = Debug|Any CPU
		{C72A4B49-D1FA-49D4-99BA-5AA347FA0179}.Ad-Hoc|Any CPU.Build.0 = Debug|Any CPU
		{C72A4B49-D1FA-49D4-99BA-5AA347FA0179}.Ad-Hoc|ARM.ActiveCfg = Debug|Any CPU
		{C72A4B49-D1FA-49D4-99BA-5AA347FA0179}.Ad-Hoc|ARM.Build.0 = Debug|Any CPU
		{C72A4B49-D1FA-49D4-99BA-5AA347FA0179}.Ad-Hoc|ARM64.ActiveCfg = Debug|Any CPU
		{C72A4B49-D1FA-49D4-99BA-5AA347FA0179}.Ad-Hoc|ARM64.Build.0 = Debug|Any CPU
		{C72A4B49-D1FA-49D4-99BA-5AA347FA0179}.Ad-Hoc|iPhone.ActiveCfg = Debug|Any CPU
		{C72A4B49-D1FA-49D4-99BA-5AA347FA0179}.Ad-Hoc|iPhone.Build.0 = Debug|Any CPU
		{C72A4B49-D1FA-49D4-99BA-5AA347FA0179}.Ad-Hoc|iPhoneSimulator.ActiveCfg = Debug|Any CPU
		{C72A4B49-D1FA-49D4-99BA-5AA347FA0179}.Ad-Hoc|iPhoneSimulator.Build.0 = Debug|Any CPU
		{C72A4B49-D1FA-49D4-99BA-5AA347FA0179}.Ad-Hoc|Mixed Platforms.ActiveCfg = Debug|Any CPU
		{C72A4B49-D1FA-49D4-99BA-5AA347FA0179}.Ad-Hoc|Mixed Platforms.Build.0 = Debug|Any CPU
		{C72A4B49-D1FA-49D4-99BA-5AA347FA0179}.Ad-Hoc|x64.ActiveCfg = Debug|Any CPU
		{C72A4B49-D1FA-49D4-99BA-5AA347FA0179}.Ad-Hoc|x64.Build.0 = Debug|Any CPU
		{C72A4B49-D1FA-49D4-99BA-5AA347FA0179}.Ad-Hoc|x86.ActiveCfg = Debug|Any CPU
		{C72A4B49-D1FA-49D4-99BA-5AA347FA0179}.Ad-Hoc|x86.Build.0 = Debug|Any CPU
		{C72A4B49-D1FA-49D4-99BA-5AA347FA0179}.AppStore|Any CPU.ActiveCfg = Debug|Any CPU
		{C72A4B49-D1FA-49D4-99BA-5AA347FA0179}.AppStore|Any CPU.Build.0 = Debug|Any CPU
		{C72A4B49-D1FA-49D4-99BA-5AA347FA0179}.AppStore|ARM.ActiveCfg = Debug|Any CPU
		{C72A4B49-D1FA-49D4-99BA-5AA347FA0179}.AppStore|ARM.Build.0 = Debug|Any CPU
		{C72A4B49-D1FA-49D4-99BA-5AA347FA0179}.AppStore|ARM64.ActiveCfg = Debug|Any CPU
		{C72A4B49-D1FA-49D4-99BA-5AA347FA0179}.AppStore|ARM64.Build.0 = Debug|Any CPU
		{C72A4B49-D1FA-49D4-99BA-5AA347FA0179}.AppStore|iPhone.ActiveCfg = Debug|Any CPU
		{C72A4B49-D1FA-49D4-99BA-5AA347FA0179}.AppStore|iPhone.Build.0 = Debug|Any CPU
		{C72A4B49-D1FA-49D4-99BA-5AA347FA0179}.AppStore|iPhoneSimulator.ActiveCfg = Debug|Any CPU
		{C72A4B49-D1FA-49D4-99BA-5AA347FA0179}.AppStore|iPhoneSimulator.Build.0 = Debug|Any CPU
		{C72A4B49-D1FA-49D4-99BA-5AA347FA0179}.AppStore|Mixed Platforms.ActiveCfg = Debug|Any CPU
		{C72A4B49-D1FA-49D4-99BA-5AA347FA0179}.AppStore|Mixed Platforms.Build.0 = Debug|Any CPU
		{C72A4B49-D1FA-49D4-99BA-5AA347FA0179}.AppStore|x64.ActiveCfg = Debug|Any CPU
		{C72A4B49-D1FA-49D4-99BA-5AA347FA0179}.AppStore|x64.Build.0 = Debug|Any CPU
		{C72A4B49-D1FA-49D4-99BA-5AA347FA0179}.AppStore|x86.ActiveCfg = Debug|Any CPU
		{C72A4B49-D1FA-49D4-99BA-5AA347FA0179}.AppStore|x86.Build.0 = Debug|Any CPU
		{C72A4B49-D1FA-49D4-99BA-5AA347FA0179}.Debug|Any CPU.ActiveCfg = Debug|Any CPU
		{C72A4B49-D1FA-49D4-99BA-5AA347FA0179}.Debug|Any CPU.Build.0 = Debug|Any CPU
		{C72A4B49-D1FA-49D4-99BA-5AA347FA0179}.Debug|ARM.ActiveCfg = Debug|Any CPU
		{C72A4B49-D1FA-49D4-99BA-5AA347FA0179}.Debug|ARM.Build.0 = Debug|Any CPU
		{C72A4B49-D1FA-49D4-99BA-5AA347FA0179}.Debug|ARM64.ActiveCfg = Debug|Any CPU
		{C72A4B49-D1FA-49D4-99BA-5AA347FA0179}.Debug|ARM64.Build.0 = Debug|Any CPU
		{C72A4B49-D1FA-49D4-99BA-5AA347FA0179}.Debug|iPhone.ActiveCfg = Debug|Any CPU
		{C72A4B49-D1FA-49D4-99BA-5AA347FA0179}.Debug|iPhone.Build.0 = Debug|Any CPU
		{C72A4B49-D1FA-49D4-99BA-5AA347FA0179}.Debug|iPhoneSimulator.ActiveCfg = Debug|Any CPU
		{C72A4B49-D1FA-49D4-99BA-5AA347FA0179}.Debug|iPhoneSimulator.Build.0 = Debug|Any CPU
		{C72A4B49-D1FA-49D4-99BA-5AA347FA0179}.Debug|Mixed Platforms.ActiveCfg = Debug|Any CPU
		{C72A4B49-D1FA-49D4-99BA-5AA347FA0179}.Debug|Mixed Platforms.Build.0 = Debug|Any CPU
		{C72A4B49-D1FA-49D4-99BA-5AA347FA0179}.Debug|x64.ActiveCfg = Debug|Any CPU
		{C72A4B49-D1FA-49D4-99BA-5AA347FA0179}.Debug|x64.Build.0 = Debug|Any CPU
		{C72A4B49-D1FA-49D4-99BA-5AA347FA0179}.Debug|x86.ActiveCfg = Debug|Any CPU
		{C72A4B49-D1FA-49D4-99BA-5AA347FA0179}.Debug|x86.Build.0 = Debug|Any CPU
		{C72A4B49-D1FA-49D4-99BA-5AA347FA0179}.Release|Any CPU.ActiveCfg = Release|Any CPU
		{C72A4B49-D1FA-49D4-99BA-5AA347FA0179}.Release|Any CPU.Build.0 = Release|Any CPU
		{C72A4B49-D1FA-49D4-99BA-5AA347FA0179}.Release|ARM.ActiveCfg = Release|Any CPU
		{C72A4B49-D1FA-49D4-99BA-5AA347FA0179}.Release|ARM.Build.0 = Release|Any CPU
		{C72A4B49-D1FA-49D4-99BA-5AA347FA0179}.Release|ARM64.ActiveCfg = Release|Any CPU
		{C72A4B49-D1FA-49D4-99BA-5AA347FA0179}.Release|ARM64.Build.0 = Release|Any CPU
		{C72A4B49-D1FA-49D4-99BA-5AA347FA0179}.Release|iPhone.ActiveCfg = Release|Any CPU
		{C72A4B49-D1FA-49D4-99BA-5AA347FA0179}.Release|iPhone.Build.0 = Release|Any CPU
		{C72A4B49-D1FA-49D4-99BA-5AA347FA0179}.Release|iPhoneSimulator.ActiveCfg = Release|Any CPU
		{C72A4B49-D1FA-49D4-99BA-5AA347FA0179}.Release|iPhoneSimulator.Build.0 = Release|Any CPU
		{C72A4B49-D1FA-49D4-99BA-5AA347FA0179}.Release|Mixed Platforms.ActiveCfg = Release|Any CPU
		{C72A4B49-D1FA-49D4-99BA-5AA347FA0179}.Release|Mixed Platforms.Build.0 = Release|Any CPU
		{C72A4B49-D1FA-49D4-99BA-5AA347FA0179}.Release|x64.ActiveCfg = Release|Any CPU
		{C72A4B49-D1FA-49D4-99BA-5AA347FA0179}.Release|x64.Build.0 = Release|Any CPU
		{C72A4B49-D1FA-49D4-99BA-5AA347FA0179}.Release|x86.ActiveCfg = Release|Any CPU
		{C72A4B49-D1FA-49D4-99BA-5AA347FA0179}.Release|x86.Build.0 = Release|Any CPU
		{60FEC85F-AE51-4006-AF92-A127A92D3913}.Ad-Hoc|Any CPU.ActiveCfg = Release|Any CPU
		{60FEC85F-AE51-4006-AF92-A127A92D3913}.Ad-Hoc|Any CPU.Build.0 = Release|Any CPU
		{60FEC85F-AE51-4006-AF92-A127A92D3913}.Ad-Hoc|Any CPU.Deploy.0 = Release|Any CPU
		{60FEC85F-AE51-4006-AF92-A127A92D3913}.Ad-Hoc|ARM.ActiveCfg = Release|Any CPU
		{60FEC85F-AE51-4006-AF92-A127A92D3913}.Ad-Hoc|ARM.Build.0 = Release|Any CPU
		{60FEC85F-AE51-4006-AF92-A127A92D3913}.Ad-Hoc|ARM.Deploy.0 = Release|Any CPU
		{60FEC85F-AE51-4006-AF92-A127A92D3913}.Ad-Hoc|ARM64.ActiveCfg = Release|Any CPU
		{60FEC85F-AE51-4006-AF92-A127A92D3913}.Ad-Hoc|ARM64.Build.0 = Release|Any CPU
		{60FEC85F-AE51-4006-AF92-A127A92D3913}.Ad-Hoc|ARM64.Deploy.0 = Release|Any CPU
		{60FEC85F-AE51-4006-AF92-A127A92D3913}.Ad-Hoc|iPhone.ActiveCfg = Release|Any CPU
		{60FEC85F-AE51-4006-AF92-A127A92D3913}.Ad-Hoc|iPhone.Build.0 = Release|Any CPU
		{60FEC85F-AE51-4006-AF92-A127A92D3913}.Ad-Hoc|iPhone.Deploy.0 = Release|Any CPU
		{60FEC85F-AE51-4006-AF92-A127A92D3913}.Ad-Hoc|iPhoneSimulator.ActiveCfg = Release|Any CPU
		{60FEC85F-AE51-4006-AF92-A127A92D3913}.Ad-Hoc|iPhoneSimulator.Build.0 = Release|Any CPU
		{60FEC85F-AE51-4006-AF92-A127A92D3913}.Ad-Hoc|iPhoneSimulator.Deploy.0 = Release|Any CPU
		{60FEC85F-AE51-4006-AF92-A127A92D3913}.Ad-Hoc|Mixed Platforms.ActiveCfg = Release|Any CPU
		{60FEC85F-AE51-4006-AF92-A127A92D3913}.Ad-Hoc|Mixed Platforms.Build.0 = Release|Any CPU
		{60FEC85F-AE51-4006-AF92-A127A92D3913}.Ad-Hoc|Mixed Platforms.Deploy.0 = Release|Any CPU
		{60FEC85F-AE51-4006-AF92-A127A92D3913}.Ad-Hoc|x64.ActiveCfg = Release|Any CPU
		{60FEC85F-AE51-4006-AF92-A127A92D3913}.Ad-Hoc|x64.Build.0 = Release|Any CPU
		{60FEC85F-AE51-4006-AF92-A127A92D3913}.Ad-Hoc|x64.Deploy.0 = Release|Any CPU
		{60FEC85F-AE51-4006-AF92-A127A92D3913}.Ad-Hoc|x86.ActiveCfg = Release|Any CPU
		{60FEC85F-AE51-4006-AF92-A127A92D3913}.Ad-Hoc|x86.Build.0 = Release|Any CPU
		{60FEC85F-AE51-4006-AF92-A127A92D3913}.Ad-Hoc|x86.Deploy.0 = Release|Any CPU
		{60FEC85F-AE51-4006-AF92-A127A92D3913}.AppStore|Any CPU.ActiveCfg = Release|Any CPU
		{60FEC85F-AE51-4006-AF92-A127A92D3913}.AppStore|Any CPU.Build.0 = Release|Any CPU
		{60FEC85F-AE51-4006-AF92-A127A92D3913}.AppStore|Any CPU.Deploy.0 = Release|Any CPU
		{60FEC85F-AE51-4006-AF92-A127A92D3913}.AppStore|ARM.ActiveCfg = Release|Any CPU
		{60FEC85F-AE51-4006-AF92-A127A92D3913}.AppStore|ARM.Build.0 = Release|Any CPU
		{60FEC85F-AE51-4006-AF92-A127A92D3913}.AppStore|ARM.Deploy.0 = Release|Any CPU
		{60FEC85F-AE51-4006-AF92-A127A92D3913}.AppStore|ARM64.ActiveCfg = Release|Any CPU
		{60FEC85F-AE51-4006-AF92-A127A92D3913}.AppStore|ARM64.Build.0 = Release|Any CPU
		{60FEC85F-AE51-4006-AF92-A127A92D3913}.AppStore|ARM64.Deploy.0 = Release|Any CPU
		{60FEC85F-AE51-4006-AF92-A127A92D3913}.AppStore|iPhone.ActiveCfg = Release|Any CPU
		{60FEC85F-AE51-4006-AF92-A127A92D3913}.AppStore|iPhone.Build.0 = Release|Any CPU
		{60FEC85F-AE51-4006-AF92-A127A92D3913}.AppStore|iPhone.Deploy.0 = Release|Any CPU
		{60FEC85F-AE51-4006-AF92-A127A92D3913}.AppStore|iPhoneSimulator.ActiveCfg = Release|Any CPU
		{60FEC85F-AE51-4006-AF92-A127A92D3913}.AppStore|iPhoneSimulator.Build.0 = Release|Any CPU
		{60FEC85F-AE51-4006-AF92-A127A92D3913}.AppStore|iPhoneSimulator.Deploy.0 = Release|Any CPU
		{60FEC85F-AE51-4006-AF92-A127A92D3913}.AppStore|Mixed Platforms.ActiveCfg = Release|Any CPU
		{60FEC85F-AE51-4006-AF92-A127A92D3913}.AppStore|Mixed Platforms.Build.0 = Release|Any CPU
		{60FEC85F-AE51-4006-AF92-A127A92D3913}.AppStore|Mixed Platforms.Deploy.0 = Release|Any CPU
		{60FEC85F-AE51-4006-AF92-A127A92D3913}.AppStore|x64.ActiveCfg = Release|Any CPU
		{60FEC85F-AE51-4006-AF92-A127A92D3913}.AppStore|x64.Build.0 = Release|Any CPU
		{60FEC85F-AE51-4006-AF92-A127A92D3913}.AppStore|x64.Deploy.0 = Release|Any CPU
		{60FEC85F-AE51-4006-AF92-A127A92D3913}.AppStore|x86.ActiveCfg = Release|Any CPU
		{60FEC85F-AE51-4006-AF92-A127A92D3913}.AppStore|x86.Build.0 = Release|Any CPU
		{60FEC85F-AE51-4006-AF92-A127A92D3913}.AppStore|x86.Deploy.0 = Release|Any CPU
		{60FEC85F-AE51-4006-AF92-A127A92D3913}.Debug|Any CPU.ActiveCfg = Debug|Any CPU
		{60FEC85F-AE51-4006-AF92-A127A92D3913}.Debug|Any CPU.Build.0 = Debug|Any CPU
		{60FEC85F-AE51-4006-AF92-A127A92D3913}.Debug|Any CPU.Deploy.0 = Debug|Any CPU
		{60FEC85F-AE51-4006-AF92-A127A92D3913}.Debug|ARM.ActiveCfg = Debug|Any CPU
		{60FEC85F-AE51-4006-AF92-A127A92D3913}.Debug|ARM.Build.0 = Debug|Any CPU
		{60FEC85F-AE51-4006-AF92-A127A92D3913}.Debug|ARM.Deploy.0 = Debug|Any CPU
		{60FEC85F-AE51-4006-AF92-A127A92D3913}.Debug|ARM64.ActiveCfg = Debug|Any CPU
		{60FEC85F-AE51-4006-AF92-A127A92D3913}.Debug|ARM64.Build.0 = Debug|Any CPU
		{60FEC85F-AE51-4006-AF92-A127A92D3913}.Debug|ARM64.Deploy.0 = Debug|Any CPU
		{60FEC85F-AE51-4006-AF92-A127A92D3913}.Debug|iPhone.ActiveCfg = Debug|Any CPU
		{60FEC85F-AE51-4006-AF92-A127A92D3913}.Debug|iPhone.Build.0 = Debug|Any CPU
		{60FEC85F-AE51-4006-AF92-A127A92D3913}.Debug|iPhone.Deploy.0 = Debug|Any CPU
		{60FEC85F-AE51-4006-AF92-A127A92D3913}.Debug|iPhoneSimulator.ActiveCfg = Debug|Any CPU
		{60FEC85F-AE51-4006-AF92-A127A92D3913}.Debug|iPhoneSimulator.Build.0 = Debug|Any CPU
		{60FEC85F-AE51-4006-AF92-A127A92D3913}.Debug|iPhoneSimulator.Deploy.0 = Debug|Any CPU
		{60FEC85F-AE51-4006-AF92-A127A92D3913}.Debug|Mixed Platforms.ActiveCfg = Debug|Any CPU
		{60FEC85F-AE51-4006-AF92-A127A92D3913}.Debug|Mixed Platforms.Build.0 = Debug|Any CPU
		{60FEC85F-AE51-4006-AF92-A127A92D3913}.Debug|Mixed Platforms.Deploy.0 = Debug|Any CPU
		{60FEC85F-AE51-4006-AF92-A127A92D3913}.Debug|x64.ActiveCfg = Debug|Any CPU
		{60FEC85F-AE51-4006-AF92-A127A92D3913}.Debug|x64.Build.0 = Debug|Any CPU
		{60FEC85F-AE51-4006-AF92-A127A92D3913}.Debug|x64.Deploy.0 = Debug|Any CPU
		{60FEC85F-AE51-4006-AF92-A127A92D3913}.Debug|x86.ActiveCfg = Debug|Any CPU
		{60FEC85F-AE51-4006-AF92-A127A92D3913}.Debug|x86.Build.0 = Debug|Any CPU
		{60FEC85F-AE51-4006-AF92-A127A92D3913}.Debug|x86.Deploy.0 = Debug|Any CPU
		{60FEC85F-AE51-4006-AF92-A127A92D3913}.Release|Any CPU.ActiveCfg = Release|Any CPU
		{60FEC85F-AE51-4006-AF92-A127A92D3913}.Release|Any CPU.Build.0 = Release|Any CPU
		{60FEC85F-AE51-4006-AF92-A127A92D3913}.Release|Any CPU.Deploy.0 = Release|Any CPU
		{60FEC85F-AE51-4006-AF92-A127A92D3913}.Release|ARM.ActiveCfg = Release|Any CPU
		{60FEC85F-AE51-4006-AF92-A127A92D3913}.Release|ARM.Build.0 = Release|Any CPU
		{60FEC85F-AE51-4006-AF92-A127A92D3913}.Release|ARM.Deploy.0 = Release|Any CPU
		{60FEC85F-AE51-4006-AF92-A127A92D3913}.Release|ARM64.ActiveCfg = Release|Any CPU
		{60FEC85F-AE51-4006-AF92-A127A92D3913}.Release|ARM64.Build.0 = Release|Any CPU
		{60FEC85F-AE51-4006-AF92-A127A92D3913}.Release|ARM64.Deploy.0 = Release|Any CPU
		{60FEC85F-AE51-4006-AF92-A127A92D3913}.Release|iPhone.ActiveCfg = Release|Any CPU
		{60FEC85F-AE51-4006-AF92-A127A92D3913}.Release|iPhone.Build.0 = Release|Any CPU
		{60FEC85F-AE51-4006-AF92-A127A92D3913}.Release|iPhone.Deploy.0 = Release|Any CPU
		{60FEC85F-AE51-4006-AF92-A127A92D3913}.Release|iPhoneSimulator.ActiveCfg = Release|Any CPU
		{60FEC85F-AE51-4006-AF92-A127A92D3913}.Release|iPhoneSimulator.Build.0 = Release|Any CPU
		{60FEC85F-AE51-4006-AF92-A127A92D3913}.Release|iPhoneSimulator.Deploy.0 = Release|Any CPU
		{60FEC85F-AE51-4006-AF92-A127A92D3913}.Release|Mixed Platforms.ActiveCfg = Release|Any CPU
		{60FEC85F-AE51-4006-AF92-A127A92D3913}.Release|Mixed Platforms.Build.0 = Release|Any CPU
		{60FEC85F-AE51-4006-AF92-A127A92D3913}.Release|Mixed Platforms.Deploy.0 = Release|Any CPU
		{60FEC85F-AE51-4006-AF92-A127A92D3913}.Release|x64.ActiveCfg = Release|Any CPU
		{60FEC85F-AE51-4006-AF92-A127A92D3913}.Release|x64.Build.0 = Release|Any CPU
		{60FEC85F-AE51-4006-AF92-A127A92D3913}.Release|x64.Deploy.0 = Release|Any CPU
		{60FEC85F-AE51-4006-AF92-A127A92D3913}.Release|x86.ActiveCfg = Release|Any CPU
		{60FEC85F-AE51-4006-AF92-A127A92D3913}.Release|x86.Build.0 = Release|Any CPU
		{60FEC85F-AE51-4006-AF92-A127A92D3913}.Release|x86.Deploy.0 = Release|Any CPU
	EndGlobalSection
	GlobalSection(SolutionProperties) = preSolution
		HideSolutionNode = FALSE
	EndGlobalSection
	GlobalSection(NestedProjects) = preSolution
		{87CEF515-9F70-40B4-BEE4-17E87C479898} = {B88A40E8-D632-4D28-9F2D-FC23CAB47AE4}
		{2DC7C6B0-B1C3-43C3-8A10-35179E3BD098} = {B88A40E8-D632-4D28-9F2D-FC23CAB47AE4}
		{C72A4B49-D1FA-49D4-99BA-5AA347FA0179} = {B88A40E8-D632-4D28-9F2D-FC23CAB47AE4}
		{60FEC85F-AE51-4006-AF92-A127A92D3913} = {B88A40E8-D632-4D28-9F2D-FC23CAB47AE4}
	EndGlobalSection
	GlobalSection(ExtensibilityGlobals) = postSolution
		SolutionGuid = {AEF2E1D1-1460-43AB-BE53-E8A8DE9415B0}
	EndGlobalSection
EndGlobal
